// !$*UTF8*$!
{
	archiveVersion = 1;
	classes = {
	};
	objectVersion = 46;
	objects = {

/* Begin PBXBuildFile section */
		AEAFC39B1B6CDED50092E7DE /* TodoPoint.swift in Sources */ = {isa = PBXBuildFile; fileRef = AEAFC3971B6CDED50092E7DE /* TodoPoint.swift */; };
		AEAFC39C1B6CDED50092E7DE /* TodoPoint+CoreDataProperties.swift in Sources */ = {isa = PBXBuildFile; fileRef = AEAFC3981B6CDED50092E7DE /* TodoPoint+CoreDataProperties.swift */; };
		AEAFC39E1B6DBA9D0092E7DE /* AddTodoPoint.storyboard in Resources */ = {isa = PBXBuildFile; fileRef = AEAFC39D1B6DBA9D0092E7DE /* AddTodoPoint.storyboard */; };
		F2DD91291B6CAEAD005350BB /* SwipeView.m in Sources */ = {isa = PBXBuildFile; fileRef = F2DD91281B6CAEAD005350BB /* SwipeView.m */; };
		F2F6AE261B6B8ED300162EF7 /* AppDelegate.swift in Sources */ = {isa = PBXBuildFile; fileRef = F2F6AE251B6B8ED300162EF7 /* AppDelegate.swift */; };
		F2F6AE291B6B8ED300162EF7 /* Weekly.xcdatamodeld in Sources */ = {isa = PBXBuildFile; fileRef = F2F6AE271B6B8ED300162EF7 /* Weekly.xcdatamodeld */; };
		F2F6AE2B1B6B8ED300162EF7 /* MasterViewController.swift in Sources */ = {isa = PBXBuildFile; fileRef = F2F6AE2A1B6B8ED300162EF7 /* MasterViewController.swift */; };
		F2F6AE2D1B6B8ED300162EF7 /* DetailViewController.swift in Sources */ = {isa = PBXBuildFile; fileRef = F2F6AE2C1B6B8ED300162EF7 /* DetailViewController.swift */; };
		F2F6AE301B6B8ED300162EF7 /* Main.storyboard in Resources */ = {isa = PBXBuildFile; fileRef = F2F6AE2E1B6B8ED300162EF7 /* Main.storyboard */; };
		F2F6AE321B6B8ED300162EF7 /* Assets.xcassets in Resources */ = {isa = PBXBuildFile; fileRef = F2F6AE311B6B8ED300162EF7 /* Assets.xcassets */; };
		F2F6AE351B6B8ED300162EF7 /* LaunchScreen.storyboard in Resources */ = {isa = PBXBuildFile; fileRef = F2F6AE331B6B8ED300162EF7 /* LaunchScreen.storyboard */; };
		F2F6AE401B6B8ED300162EF7 /* WeeklyTests.swift in Sources */ = {isa = PBXBuildFile; fileRef = F2F6AE3F1B6B8ED300162EF7 /* WeeklyTests.swift */; };
		F2F6AE4B1B6B8ED300162EF7 /* WeeklyUITests.swift in Sources */ = {isa = PBXBuildFile; fileRef = F2F6AE4A1B6B8ED300162EF7 /* WeeklyUITests.swift */; };
		F2F6AE901B6C861C00162EF7 /* SnapKit.framework in Copy Frameworks */ = {isa = PBXBuildFile; fileRef = F2F6AE871B6C855E00162EF7 /* SnapKit.framework */; settings = {ATTRIBUTES = (CodeSignOnCopy, RemoveHeadersOnCopy, ); }; };
		F2F6AE941B6C8FBA00162EF7 /* RandomColorUtil.swift in Sources */ = {isa = PBXBuildFile; fileRef = F2F6AE931B6C8FBA00162EF7 /* RandomColorUtil.swift */; };
		F397B3DADFC8E31ED5934C1F /* Pods.framework in Frameworks */ = {isa = PBXBuildFile; fileRef = D99E4C73EDE36443666C811C /* Pods.framework */; settings = {ATTRIBUTES = (Weak, ); }; };
/* End PBXBuildFile section */

/* Begin PBXContainerItemProxy section */
		F2F6AE3C1B6B8ED300162EF7 /* PBXContainerItemProxy */ = {
			isa = PBXContainerItemProxy;
			containerPortal = F2F6AE1A1B6B8ED300162EF7 /* Project object */;
			proxyType = 1;
			remoteGlobalIDString = F2F6AE211B6B8ED300162EF7;
			remoteInfo = Weekly;
		};
		F2F6AE471B6B8ED300162EF7 /* PBXContainerItemProxy */ = {
			isa = PBXContainerItemProxy;
			containerPortal = F2F6AE1A1B6B8ED300162EF7 /* Project object */;
			proxyType = 1;
			remoteGlobalIDString = F2F6AE211B6B8ED300162EF7;
			remoteInfo = Weekly;
		};
		F2F6AE861B6C855E00162EF7 /* PBXContainerItemProxy */ = {
			isa = PBXContainerItemProxy;
			containerPortal = F2F6AE7F1B6C855E00162EF7 /* SnapKit.xcodeproj */;
			proxyType = 2;
			remoteGlobalIDString = EEBCC9D819CC627D0083B827;
			remoteInfo = "SnapKit iOS";
		};
		F2F6AE881B6C855E00162EF7 /* PBXContainerItemProxy */ = {
			isa = PBXContainerItemProxy;
			containerPortal = F2F6AE7F1B6C855E00162EF7 /* SnapKit.xcodeproj */;
			proxyType = 2;
			remoteGlobalIDString = EECDB37A1AC0C9D4006BBC11;
			remoteInfo = "SnapKit OSX";
		};
		F2F6AE8A1B6C855E00162EF7 /* PBXContainerItemProxy */ = {
			isa = PBXContainerItemProxy;
			containerPortal = F2F6AE7F1B6C855E00162EF7 /* SnapKit.xcodeproj */;
			proxyType = 2;
			remoteGlobalIDString = EEBCC9E219CC627E0083B827;
			remoteInfo = "SnapKit iOS Tests";
		};
		F2F6AE8C1B6C855E00162EF7 /* PBXContainerItemProxy */ = {
			isa = PBXContainerItemProxy;
			containerPortal = F2F6AE7F1B6C855E00162EF7 /* SnapKit.xcodeproj */;
			proxyType = 2;
			remoteGlobalIDString = EECDB3841AC0C9D4006BBC11;
			remoteInfo = "SnapKit OSX Tests";
		};
		F2F6AE8E1B6C857700162EF7 /* PBXContainerItemProxy */ = {
			isa = PBXContainerItemProxy;
			containerPortal = F2F6AE7F1B6C855E00162EF7 /* SnapKit.xcodeproj */;
			proxyType = 1;
			remoteGlobalIDString = EEBCC9D719CC627D0083B827;
			remoteInfo = "SnapKit iOS";
		};
/* End PBXContainerItemProxy section */

/* Begin PBXCopyFilesBuildPhase section */
		F2F6AE7D1B6C822D00162EF7 /* Copy Frameworks */ = {
			isa = PBXCopyFilesBuildPhase;
			buildActionMask = 2147483647;
			dstPath = "";
			dstSubfolderSpec = 10;
			files = (
				F2F6AE901B6C861C00162EF7 /* SnapKit.framework in Copy Frameworks */,
			);
			name = "Copy Frameworks";
			runOnlyForDeploymentPostprocessing = 0;
		};
/* End PBXCopyFilesBuildPhase section */

/* Begin PBXFileReference section */
		605EFCF5122249881C4036D7 /* Pods.release.xcconfig */ = {isa = PBXFileReference; includeInIndex = 1; lastKnownFileType = text.xcconfig; name = Pods.release.xcconfig; path = "Pods/Target Support Files/Pods/Pods.release.xcconfig"; sourceTree = "<group>"; };
		AA421D99AB6921EA61B422CB /* Pods.debug.xcconfig */ = {isa = PBXFileReference; includeInIndex = 1; lastKnownFileType = text.xcconfig; name = Pods.debug.xcconfig; path = "Pods/Target Support Files/Pods/Pods.debug.xcconfig"; sourceTree = "<group>"; };
		AEAFC3971B6CDED50092E7DE /* TodoPoint.swift */ = {isa = PBXFileReference; lastKnownFileType = sourcecode.swift; path = TodoPoint.swift; sourceTree = "<group>"; };
		AEAFC3981B6CDED50092E7DE /* TodoPoint+CoreDataProperties.swift */ = {isa = PBXFileReference; lastKnownFileType = sourcecode.swift; path = "TodoPoint+CoreDataProperties.swift"; sourceTree = "<group>"; };
		AEAFC39D1B6DBA9D0092E7DE /* AddTodoPoint.storyboard */ = {isa = PBXFileReference; fileEncoding = 4; lastKnownFileType = file.storyboard; path = AddTodoPoint.storyboard; sourceTree = "<group>"; };
		D99E4C73EDE36443666C811C /* Pods.framework */ = {isa = PBXFileReference; explicitFileType = wrapper.framework; includeInIndex = 0; path = Pods.framework; sourceTree = BUILT_PRODUCTS_DIR; };
		F2DD91271B6CAEAD005350BB /* SwipeView.h */ = {isa = PBXFileReference; fileEncoding = 4; lastKnownFileType = sourcecode.c.h; path = SwipeView.h; sourceTree = "<group>"; };
		F2DD91281B6CAEAD005350BB /* SwipeView.m */ = {isa = PBXFileReference; fileEncoding = 4; lastKnownFileType = sourcecode.c.objc; path = SwipeView.m; sourceTree = "<group>"; };
		F2F6AE221B6B8ED300162EF7 /* Weekly.app */ = {isa = PBXFileReference; explicitFileType = wrapper.application; includeInIndex = 0; path = Weekly.app; sourceTree = BUILT_PRODUCTS_DIR; };
		F2F6AE251B6B8ED300162EF7 /* AppDelegate.swift */ = {isa = PBXFileReference; lastKnownFileType = sourcecode.swift; path = AppDelegate.swift; sourceTree = "<group>"; };
		F2F6AE281B6B8ED300162EF7 /* Weekly.xcdatamodel */ = {isa = PBXFileReference; lastKnownFileType = wrapper.xcdatamodel; path = Weekly.xcdatamodel; sourceTree = "<group>"; };
		F2F6AE2A1B6B8ED300162EF7 /* MasterViewController.swift */ = {isa = PBXFileReference; lastKnownFileType = sourcecode.swift; path = MasterViewController.swift; sourceTree = "<group>"; };
		F2F6AE2C1B6B8ED300162EF7 /* DetailViewController.swift */ = {isa = PBXFileReference; lastKnownFileType = sourcecode.swift; path = DetailViewController.swift; sourceTree = "<group>"; };
		F2F6AE2F1B6B8ED300162EF7 /* Base */ = {isa = PBXFileReference; lastKnownFileType = file.storyboard; name = Base; path = Base.lproj/Main.storyboard; sourceTree = "<group>"; };
		F2F6AE311B6B8ED300162EF7 /* Assets.xcassets */ = {isa = PBXFileReference; lastKnownFileType = folder.assetcatalog; path = Assets.xcassets; sourceTree = "<group>"; };
		F2F6AE341B6B8ED300162EF7 /* Base */ = {isa = PBXFileReference; lastKnownFileType = file.storyboard; name = Base; path = Base.lproj/LaunchScreen.storyboard; sourceTree = "<group>"; };
		F2F6AE361B6B8ED300162EF7 /* Info.plist */ = {isa = PBXFileReference; lastKnownFileType = text.plist.xml; path = Info.plist; sourceTree = "<group>"; };
		F2F6AE3B1B6B8ED300162EF7 /* WeeklyTests.xctest */ = {isa = PBXFileReference; explicitFileType = wrapper.cfbundle; includeInIndex = 0; path = WeeklyTests.xctest; sourceTree = BUILT_PRODUCTS_DIR; };
		F2F6AE3F1B6B8ED300162EF7 /* WeeklyTests.swift */ = {isa = PBXFileReference; lastKnownFileType = sourcecode.swift; path = WeeklyTests.swift; sourceTree = "<group>"; };
		F2F6AE411B6B8ED300162EF7 /* Info.plist */ = {isa = PBXFileReference; lastKnownFileType = text.plist.xml; path = Info.plist; sourceTree = "<group>"; };
		F2F6AE461B6B8ED300162EF7 /* WeeklyUITests.xctest */ = {isa = PBXFileReference; explicitFileType = wrapper.cfbundle; includeInIndex = 0; path = WeeklyUITests.xctest; sourceTree = BUILT_PRODUCTS_DIR; };
		F2F6AE4A1B6B8ED300162EF7 /* WeeklyUITests.swift */ = {isa = PBXFileReference; lastKnownFileType = sourcecode.swift; path = WeeklyUITests.swift; sourceTree = "<group>"; };
		F2F6AE4C1B6B8ED300162EF7 /* Info.plist */ = {isa = PBXFileReference; lastKnownFileType = text.plist.xml; path = Info.plist; sourceTree = "<group>"; };
		F2F6AE581B6B9A7800162EF7 /* Weekly-Bridging-Header.h */ = {isa = PBXFileReference; lastKnownFileType = sourcecode.c.h; path = "Weekly-Bridging-Header.h"; sourceTree = "<group>"; };
		F2F6AE7F1B6C855E00162EF7 /* SnapKit.xcodeproj */ = {isa = PBXFileReference; lastKnownFileType = "wrapper.pb-project"; name = SnapKit.xcodeproj; path = SnapKit/SnapKit.xcodeproj; sourceTree = SOURCE_ROOT; };
		F2F6AE931B6C8FBA00162EF7 /* RandomColorUtil.swift */ = {isa = PBXFileReference; fileEncoding = 4; lastKnownFileType = sourcecode.swift; path = RandomColorUtil.swift; sourceTree = "<group>"; };
/* End PBXFileReference section */

/* Begin PBXFrameworksBuildPhase section */
		F2F6AE1F1B6B8ED300162EF7 /* Frameworks */ = {
			isa = PBXFrameworksBuildPhase;
			buildActionMask = 2147483647;
			files = (
				F397B3DADFC8E31ED5934C1F /* Pods.framework in Frameworks */,
			);
			runOnlyForDeploymentPostprocessing = 0;
		};
		F2F6AE381B6B8ED300162EF7 /* Frameworks */ = {
			isa = PBXFrameworksBuildPhase;
			buildActionMask = 2147483647;
			files = (
			);
			runOnlyForDeploymentPostprocessing = 0;
		};
		F2F6AE431B6B8ED300162EF7 /* Frameworks */ = {
			isa = PBXFrameworksBuildPhase;
			buildActionMask = 2147483647;
			files = (
			);
			runOnlyForDeploymentPostprocessing = 0;
		};
/* End PBXFrameworksBuildPhase section */

/* Begin PBXGroup section */
		369AEB796EC58621E4948E6A /* Frameworks */ = {
			isa = PBXGroup;
			children = (
				D99E4C73EDE36443666C811C /* Pods.framework */,
			);
			name = Frameworks;
			sourceTree = "<group>";
		};
		F2F6AE191B6B8ED300162EF7 = {
			isa = PBXGroup;
			children = (
				F2F6AE7F1B6C855E00162EF7 /* SnapKit.xcodeproj */,
				F2F6AE241B6B8ED300162EF7 /* Weekly */,
				F2F6AE3E1B6B8ED300162EF7 /* WeeklyTests */,
				F2F6AE491B6B8ED300162EF7 /* WeeklyUITests */,
				F2F6AE231B6B8ED300162EF7 /* Products */,
				F6FFCF52A1179EB17A628EBF /* Pods */,
				369AEB796EC58621E4948E6A /* Frameworks */,
			);
			sourceTree = "<group>";
		};
		F2F6AE231B6B8ED300162EF7 /* Products */ = {
			isa = PBXGroup;
			children = (
				F2F6AE221B6B8ED300162EF7 /* Weekly.app */,
				F2F6AE3B1B6B8ED300162EF7 /* WeeklyTests.xctest */,
				F2F6AE461B6B8ED300162EF7 /* WeeklyUITests.xctest */,
			);
			name = Products;
			sourceTree = "<group>";
		};
		F2F6AE241B6B8ED300162EF7 /* Weekly */ = {
			isa = PBXGroup;
			children = (
				AEAFC3971B6CDED50092E7DE /* TodoPoint.swift */,
				AEAFC3981B6CDED50092E7DE /* TodoPoint+CoreDataProperties.swift */,
				F2DD91271B6CAEAD005350BB /* SwipeView.h */,
				F2DD91281B6CAEAD005350BB /* SwipeView.m */,
				F2F6AE251B6B8ED300162EF7 /* AppDelegate.swift */,
				F2F6AE2A1B6B8ED300162EF7 /* MasterViewController.swift */,
				F2F6AE2C1B6B8ED300162EF7 /* DetailViewController.swift */,
				F2F6AE931B6C8FBA00162EF7 /* RandomColorUtil.swift */,
				F2F6AE2E1B6B8ED300162EF7 /* Main.storyboard */,
				F2F6AE331B6B8ED300162EF7 /* LaunchScreen.storyboard */,
				F2F6AE311B6B8ED300162EF7 /* Assets.xcassets */,
				F2F6AE361B6B8ED300162EF7 /* Info.plist */,
				F2F6AE271B6B8ED300162EF7 /* Weekly.xcdatamodeld */,
				F2F6AE581B6B9A7800162EF7 /* Weekly-Bridging-Header.h */,
				AEAFC39D1B6DBA9D0092E7DE /* AddTodoPoint.storyboard */,
			);
			path = Weekly;
			sourceTree = "<group>";
		};
		F2F6AE3E1B6B8ED300162EF7 /* WeeklyTests */ = {
			isa = PBXGroup;
			children = (
				F2F6AE3F1B6B8ED300162EF7 /* WeeklyTests.swift */,
				F2F6AE411B6B8ED300162EF7 /* Info.plist */,
			);
			path = WeeklyTests;
			sourceTree = "<group>";
		};
		F2F6AE491B6B8ED300162EF7 /* WeeklyUITests */ = {
			isa = PBXGroup;
			children = (
				F2F6AE4A1B6B8ED300162EF7 /* WeeklyUITests.swift */,
				F2F6AE4C1B6B8ED300162EF7 /* Info.plist */,
			);
			path = WeeklyUITests;
			sourceTree = "<group>";
		};
		F2F6AE801B6C855E00162EF7 /* Products */ = {
			isa = PBXGroup;
			children = (
				F2F6AE871B6C855E00162EF7 /* SnapKit.framework */,
				F2F6AE891B6C855E00162EF7 /* SnapKit.framework */,
				F2F6AE8B1B6C855E00162EF7 /* SnapKit iOS Tests.xctest */,
				F2F6AE8D1B6C855E00162EF7 /* SnapKit OSX Tests.xctest */,
			);
			name = Products;
			sourceTree = "<group>";
		};
		F6FFCF52A1179EB17A628EBF /* Pods */ = {
			isa = PBXGroup;
			children = (
				AA421D99AB6921EA61B422CB /* Pods.debug.xcconfig */,
				605EFCF5122249881C4036D7 /* Pods.release.xcconfig */,
			);
			name = Pods;
			sourceTree = "<group>";
		};
/* End PBXGroup section */

/* Begin PBXNativeTarget section */
		F2F6AE211B6B8ED300162EF7 /* Weekly */ = {
			isa = PBXNativeTarget;
			buildConfigurationList = F2F6AE4F1B6B8ED300162EF7 /* Build configuration list for PBXNativeTarget "Weekly" */;
			buildPhases = (
				DCA8CD7B5F5E8F9EF862DE82 /* Check Pods Manifest.lock */,
				F2F6AE1E1B6B8ED300162EF7 /* Sources */,
				F2F6AE1F1B6B8ED300162EF7 /* Frameworks */,
				F2F6AE201B6B8ED300162EF7 /* Resources */,
				F86751F19F6DF227D4AF5142 /* Copy Pods Resources */,
				F2F6AE7D1B6C822D00162EF7 /* Copy Frameworks */,
				F408C2B9626664FEC0D4F6D1 /* Embed Pods Frameworks */,
			);
			buildRules = (
			);
			dependencies = (
				F2F6AE8F1B6C857700162EF7 /* PBXTargetDependency */,
			);
			name = Weekly;
			productName = Weekly;
			productReference = F2F6AE221B6B8ED300162EF7 /* Weekly.app */;
			productType = "com.apple.product-type.application";
		};
		F2F6AE3A1B6B8ED300162EF7 /* WeeklyTests */ = {
			isa = PBXNativeTarget;
			buildConfigurationList = F2F6AE521B6B8ED300162EF7 /* Build configuration list for PBXNativeTarget "WeeklyTests" */;
			buildPhases = (
				F2F6AE371B6B8ED300162EF7 /* Sources */,
				F2F6AE381B6B8ED300162EF7 /* Frameworks */,
				F2F6AE391B6B8ED300162EF7 /* Resources */,
			);
			buildRules = (
			);
			dependencies = (
				F2F6AE3D1B6B8ED300162EF7 /* PBXTargetDependency */,
			);
			name = WeeklyTests;
			productName = WeeklyTests;
			productReference = F2F6AE3B1B6B8ED300162EF7 /* WeeklyTests.xctest */;
			productType = "com.apple.product-type.bundle.unit-test";
		};
		F2F6AE451B6B8ED300162EF7 /* WeeklyUITests */ = {
			isa = PBXNativeTarget;
			buildConfigurationList = F2F6AE551B6B8ED300162EF7 /* Build configuration list for PBXNativeTarget "WeeklyUITests" */;
			buildPhases = (
				F2F6AE421B6B8ED300162EF7 /* Sources */,
				F2F6AE431B6B8ED300162EF7 /* Frameworks */,
				F2F6AE441B6B8ED300162EF7 /* Resources */,
			);
			buildRules = (
			);
			dependencies = (
				F2F6AE481B6B8ED300162EF7 /* PBXTargetDependency */,
			);
			name = WeeklyUITests;
			productName = WeeklyUITests;
			productReference = F2F6AE461B6B8ED300162EF7 /* WeeklyUITests.xctest */;
			productType = "com.apple.product-type.bundle.ui-testing";
		};
/* End PBXNativeTarget section */

/* Begin PBXProject section */
		F2F6AE1A1B6B8ED300162EF7 /* Project object */ = {
			isa = PBXProject;
			attributes = {
				LastSwiftUpdateCheck = 0700;
				LastUpgradeCheck = 0700;
				ORGANIZATIONNAME = "Wooseong Kim";
				TargetAttributes = {
					F2F6AE211B6B8ED300162EF7 = {
						CreatedOnToolsVersion = 7.0;
						DevelopmentTeam = AD75U9C2NK;
					};
					F2F6AE3A1B6B8ED300162EF7 = {
						CreatedOnToolsVersion = 7.0;
						TestTargetID = F2F6AE211B6B8ED300162EF7;
					};
					F2F6AE451B6B8ED300162EF7 = {
						CreatedOnToolsVersion = 7.0;
						TestTargetID = F2F6AE211B6B8ED300162EF7;
					};
				};
			};
			buildConfigurationList = F2F6AE1D1B6B8ED300162EF7 /* Build configuration list for PBXProject "Weekly" */;
			compatibilityVersion = "Xcode 3.2";
			developmentRegion = English;
			hasScannedForEncodings = 0;
			knownRegions = (
				en,
				Base,
			);
			mainGroup = F2F6AE191B6B8ED300162EF7;
			productRefGroup = F2F6AE231B6B8ED300162EF7 /* Products */;
			projectDirPath = "";
			projectReferences = (
				{
					ProductGroup = F2F6AE801B6C855E00162EF7 /* Products */;
					ProjectRef = F2F6AE7F1B6C855E00162EF7 /* SnapKit.xcodeproj */;
				},
			);
			projectRoot = "";
			targets = (
				F2F6AE211B6B8ED300162EF7 /* Weekly */,
				F2F6AE3A1B6B8ED300162EF7 /* WeeklyTests */,
				F2F6AE451B6B8ED300162EF7 /* WeeklyUITests */,
			);
		};
/* End PBXProject section */

/* Begin PBXReferenceProxy section */
		F2F6AE871B6C855E00162EF7 /* SnapKit.framework */ = {
			isa = PBXReferenceProxy;
			fileType = wrapper.framework;
			path = SnapKit.framework;
			remoteRef = F2F6AE861B6C855E00162EF7 /* PBXContainerItemProxy */;
			sourceTree = BUILT_PRODUCTS_DIR;
		};
		F2F6AE891B6C855E00162EF7 /* SnapKit.framework */ = {
			isa = PBXReferenceProxy;
			fileType = wrapper.framework;
			path = SnapKit.framework;
			remoteRef = F2F6AE881B6C855E00162EF7 /* PBXContainerItemProxy */;
			sourceTree = BUILT_PRODUCTS_DIR;
		};
		F2F6AE8B1B6C855E00162EF7 /* SnapKit iOS Tests.xctest */ = {
			isa = PBXReferenceProxy;
			fileType = wrapper.cfbundle;
			path = "SnapKit iOS Tests.xctest";
			remoteRef = F2F6AE8A1B6C855E00162EF7 /* PBXContainerItemProxy */;
			sourceTree = BUILT_PRODUCTS_DIR;
		};
		F2F6AE8D1B6C855E00162EF7 /* SnapKit OSX Tests.xctest */ = {
			isa = PBXReferenceProxy;
			fileType = wrapper.cfbundle;
			path = "SnapKit OSX Tests.xctest";
			remoteRef = F2F6AE8C1B6C855E00162EF7 /* PBXContainerItemProxy */;
			sourceTree = BUILT_PRODUCTS_DIR;
		};
/* End PBXReferenceProxy section */

/* Begin PBXResourcesBuildPhase section */
		F2F6AE201B6B8ED300162EF7 /* Resources */ = {
			isa = PBXResourcesBuildPhase;
			buildActionMask = 2147483647;
			files = (
				F2F6AE351B6B8ED300162EF7 /* LaunchScreen.storyboard in Resources */,
				F2F6AE321B6B8ED300162EF7 /* Assets.xcassets in Resources */,
				F2F6AE301B6B8ED300162EF7 /* Main.storyboard in Resources */,
				AEAFC39E1B6DBA9D0092E7DE /* AddTodoPoint.storyboard in Resources */,
			);
			runOnlyForDeploymentPostprocessing = 0;
		};
		F2F6AE391B6B8ED300162EF7 /* Resources */ = {
			isa = PBXResourcesBuildPhase;
			buildActionMask = 2147483647;
			files = (
			);
			runOnlyForDeploymentPostprocessing = 0;
		};
		F2F6AE441B6B8ED300162EF7 /* Resources */ = {
			isa = PBXResourcesBuildPhase;
			buildActionMask = 2147483647;
			files = (
			);
			runOnlyForDeploymentPostprocessing = 0;
		};
/* End PBXResourcesBuildPhase section */

/* Begin PBXShellScriptBuildPhase section */
		DCA8CD7B5F5E8F9EF862DE82 /* Check Pods Manifest.lock */ = {
			isa = PBXShellScriptBuildPhase;
			buildActionMask = 2147483647;
			files = (
			);
			inputPaths = (
			);
			name = "Check Pods Manifest.lock";
			outputPaths = (
			);
			runOnlyForDeploymentPostprocessing = 0;
			shellPath = /bin/sh;
			shellScript = "diff \"${PODS_ROOT}/../Podfile.lock\" \"${PODS_ROOT}/Manifest.lock\" > /dev/null\nif [[ $? != 0 ]] ; then\n    cat << EOM\nerror: The sandbox is not in sync with the Podfile.lock. Run 'pod install' or update your CocoaPods installation.\nEOM\n    exit 1\nfi\n";
			showEnvVarsInLog = 0;
		};
		F408C2B9626664FEC0D4F6D1 /* Embed Pods Frameworks */ = {
			isa = PBXShellScriptBuildPhase;
			buildActionMask = 2147483647;
			files = (
			);
			inputPaths = (
			);
			name = "Embed Pods Frameworks";
			outputPaths = (
			);
			runOnlyForDeploymentPostprocessing = 0;
			shellPath = /bin/sh;
			shellScript = "\"${SRCROOT}/Pods/Target Support Files/Pods/Pods-frameworks.sh\"\n";
			showEnvVarsInLog = 0;
		};
		F86751F19F6DF227D4AF5142 /* Copy Pods Resources */ = {
			isa = PBXShellScriptBuildPhase;
			buildActionMask = 2147483647;
			files = (
			);
			inputPaths = (
			);
			name = "Copy Pods Resources";
			outputPaths = (
			);
			runOnlyForDeploymentPostprocessing = 0;
			shellPath = /bin/sh;
			shellScript = "\"${SRCROOT}/Pods/Target Support Files/Pods/Pods-resources.sh\"\n";
			showEnvVarsInLog = 0;
		};
/* End PBXShellScriptBuildPhase section */

/* Begin PBXSourcesBuildPhase section */
		F2F6AE1E1B6B8ED300162EF7 /* Sources */ = {
			isa = PBXSourcesBuildPhase;
			buildActionMask = 2147483647;
			files = (
				AEAFC39B1B6CDED50092E7DE /* TodoPoint.swift in Sources */,
				AEAFC39C1B6CDED50092E7DE /* TodoPoint+CoreDataProperties.swift in Sources */,
				F2F6AE291B6B8ED300162EF7 /* Weekly.xcdatamodeld in Sources */,
				F2F6AE261B6B8ED300162EF7 /* AppDelegate.swift in Sources */,
				F2F6AE941B6C8FBA00162EF7 /* RandomColorUtil.swift in Sources */,
				F2DD91291B6CAEAD005350BB /* SwipeView.m in Sources */,
				F2F6AE2B1B6B8ED300162EF7 /* MasterViewController.swift in Sources */,
				F2F6AE2D1B6B8ED300162EF7 /* DetailViewController.swift in Sources */,
			);
			runOnlyForDeploymentPostprocessing = 0;
		};
		F2F6AE371B6B8ED300162EF7 /* Sources */ = {
			isa = PBXSourcesBuildPhase;
			buildActionMask = 2147483647;
			files = (
				F2F6AE401B6B8ED300162EF7 /* WeeklyTests.swift in Sources */,
			);
			runOnlyForDeploymentPostprocessing = 0;
		};
		F2F6AE421B6B8ED300162EF7 /* Sources */ = {
			isa = PBXSourcesBuildPhase;
			buildActionMask = 2147483647;
			files = (
				F2F6AE4B1B6B8ED300162EF7 /* WeeklyUITests.swift in Sources */,
			);
			runOnlyForDeploymentPostprocessing = 0;
		};
/* End PBXSourcesBuildPhase section */

/* Begin PBXTargetDependency section */
		F2F6AE3D1B6B8ED300162EF7 /* PBXTargetDependency */ = {
			isa = PBXTargetDependency;
			target = F2F6AE211B6B8ED300162EF7 /* Weekly */;
			targetProxy = F2F6AE3C1B6B8ED300162EF7 /* PBXContainerItemProxy */;
		};
		F2F6AE481B6B8ED300162EF7 /* PBXTargetDependency */ = {
			isa = PBXTargetDependency;
			target = F2F6AE211B6B8ED300162EF7 /* Weekly */;
			targetProxy = F2F6AE471B6B8ED300162EF7 /* PBXContainerItemProxy */;
		};
		F2F6AE8F1B6C857700162EF7 /* PBXTargetDependency */ = {
			isa = PBXTargetDependency;
			name = "SnapKit iOS";
			targetProxy = F2F6AE8E1B6C857700162EF7 /* PBXContainerItemProxy */;
		};
/* End PBXTargetDependency section */

/* Begin PBXVariantGroup section */
		F2F6AE2E1B6B8ED300162EF7 /* Main.storyboard */ = {
			isa = PBXVariantGroup;
			children = (
				F2F6AE2F1B6B8ED300162EF7 /* Base */,
			);
			name = Main.storyboard;
			sourceTree = "<group>";
		};
		F2F6AE331B6B8ED300162EF7 /* LaunchScreen.storyboard */ = {
			isa = PBXVariantGroup;
			children = (
				F2F6AE341B6B8ED300162EF7 /* Base */,
			);
			name = LaunchScreen.storyboard;
			sourceTree = "<group>";
		};
/* End PBXVariantGroup section */

/* Begin XCBuildConfiguration section */
		F2F6AE4D1B6B8ED300162EF7 /* Debug */ = {
			isa = XCBuildConfiguration;
			buildSettings = {
				ALWAYS_SEARCH_USER_PATHS = NO;
				CLANG_CXX_LANGUAGE_STANDARD = "gnu++0x";
				CLANG_CXX_LIBRARY = "libc++";
				CLANG_ENABLE_MODULES = YES;
				CLANG_ENABLE_OBJC_ARC = YES;
				CLANG_WARN_BOOL_CONVERSION = YES;
				CLANG_WARN_CONSTANT_CONVERSION = YES;
				CLANG_WARN_DIRECT_OBJC_ISA_USAGE = YES_ERROR;
				CLANG_WARN_EMPTY_BODY = YES;
				CLANG_WARN_ENUM_CONVERSION = YES;
				CLANG_WARN_INT_CONVERSION = YES;
				CLANG_WARN_OBJC_ROOT_CLASS = YES_ERROR;
				CLANG_WARN_UNREACHABLE_CODE = YES;
				CLANG_WARN__DUPLICATE_METHOD_MATCH = YES;
				"CODE_SIGN_IDENTITY[sdk=iphoneos*]" = "iPhone Developer";
				COPY_PHASE_STRIP = NO;
				DEBUG_INFORMATION_FORMAT = dwarf;
				ENABLE_STRICT_OBJC_MSGSEND = YES;
				ENABLE_TESTABILITY = YES;
				GCC_C_LANGUAGE_STANDARD = gnu99;
				GCC_DYNAMIC_NO_PIC = NO;
				GCC_NO_COMMON_BLOCKS = YES;
				GCC_OPTIMIZATION_LEVEL = 0;
				GCC_PREPROCESSOR_DEFINITIONS = (
					"DEBUG=1",
					"$(inherited)",
				);
				GCC_WARN_64_TO_32_BIT_CONVERSION = YES;
				GCC_WARN_ABOUT_RETURN_TYPE = YES_ERROR;
				GCC_WARN_UNDECLARED_SELECTOR = YES;
				GCC_WARN_UNINITIALIZED_AUTOS = YES_AGGRESSIVE;
				GCC_WARN_UNUSED_FUNCTION = YES;
				GCC_WARN_UNUSED_VARIABLE = YES;
				IPHONEOS_DEPLOYMENT_TARGET = 9.0;
				MTL_ENABLE_DEBUG_INFO = YES;
				ONLY_ACTIVE_ARCH = YES;
				SDKROOT = iphoneos;
				SWIFT_OPTIMIZATION_LEVEL = "-Onone";
				TARGETED_DEVICE_FAMILY = "1,2";
			};
			name = Debug;
		};
		F2F6AE4E1B6B8ED300162EF7 /* Release */ = {
			isa = XCBuildConfiguration;
			buildSettings = {
				ALWAYS_SEARCH_USER_PATHS = NO;
				CLANG_CXX_LANGUAGE_STANDARD = "gnu++0x";
				CLANG_CXX_LIBRARY = "libc++";
				CLANG_ENABLE_MODULES = YES;
				CLANG_ENABLE_OBJC_ARC = YES;
				CLANG_WARN_BOOL_CONVERSION = YES;
				CLANG_WARN_CONSTANT_CONVERSION = YES;
				CLANG_WARN_DIRECT_OBJC_ISA_USAGE = YES_ERROR;
				CLANG_WARN_EMPTY_BODY = YES;
				CLANG_WARN_ENUM_CONVERSION = YES;
				CLANG_WARN_INT_CONVERSION = YES;
				CLANG_WARN_OBJC_ROOT_CLASS = YES_ERROR;
				CLANG_WARN_UNREACHABLE_CODE = YES;
				CLANG_WARN__DUPLICATE_METHOD_MATCH = YES;
				"CODE_SIGN_IDENTITY[sdk=iphoneos*]" = "iPhone Developer";
				COPY_PHASE_STRIP = NO;
				DEBUG_INFORMATION_FORMAT = "dwarf-with-dsym";
				ENABLE_NS_ASSERTIONS = NO;
				ENABLE_STRICT_OBJC_MSGSEND = YES;
				GCC_C_LANGUAGE_STANDARD = gnu99;
				GCC_NO_COMMON_BLOCKS = YES;
				GCC_WARN_64_TO_32_BIT_CONVERSION = YES;
				GCC_WARN_ABOUT_RETURN_TYPE = YES_ERROR;
				GCC_WARN_UNDECLARED_SELECTOR = YES;
				GCC_WARN_UNINITIALIZED_AUTOS = YES_AGGRESSIVE;
				GCC_WARN_UNUSED_FUNCTION = YES;
				GCC_WARN_UNUSED_VARIABLE = YES;
				IPHONEOS_DEPLOYMENT_TARGET = 9.0;
				MTL_ENABLE_DEBUG_INFO = NO;
				SDKROOT = iphoneos;
				TARGETED_DEVICE_FAMILY = "1,2";
				VALIDATE_PRODUCT = YES;
			};
			name = Release;
		};
		F2F6AE501B6B8ED300162EF7 /* Debug */ = {
			isa = XCBuildConfiguration;
			baseConfigurationReference = AA421D99AB6921EA61B422CB /* Pods.debug.xcconfig */;
			buildSettings = {
				ASSETCATALOG_COMPILER_APPICON_NAME = AppIcon;
				CLANG_ENABLE_MODULES = YES;
				CODE_SIGN_IDENTITY = "iPhone Developer";
				ENABLE_BITCODE = NO;
				INFOPLIST_FILE = Weekly/Info.plist;
				IPHONEOS_DEPLOYMENT_TARGET = 8.4;
				LD_RUNPATH_SEARCH_PATHS = "$(inherited) @executable_path/Frameworks";
				PRODUCT_BUNDLE_IDENTIFIER = com.weekly.Weekly;
				PRODUCT_NAME = "$(TARGET_NAME)";
				SWIFT_OBJC_BRIDGING_HEADER = "Weekly/Weekly-Bridging-Header.h";
				SWIFT_OPTIMIZATION_LEVEL = "-Onone";
			};
			name = Debug;
		};
		F2F6AE511B6B8ED300162EF7 /* Release */ = {
			isa = XCBuildConfiguration;
			baseConfigurationReference = 605EFCF5122249881C4036D7 /* Pods.release.xcconfig */;
			buildSettings = {
				ASSETCATALOG_COMPILER_APPICON_NAME = AppIcon;
				CLANG_ENABLE_MODULES = YES;
				CODE_SIGN_IDENTITY = "iPhone Developer";
				ENABLE_BITCODE = NO;
				INFOPLIST_FILE = Weekly/Info.plist;
				IPHONEOS_DEPLOYMENT_TARGET = 8.4;
				LD_RUNPATH_SEARCH_PATHS = "$(inherited) @executable_path/Frameworks";
				PRODUCT_BUNDLE_IDENTIFIER = com.weekly.Weekly;
				PRODUCT_NAME = "$(TARGET_NAME)";
				SWIFT_OBJC_BRIDGING_HEADER = "Weekly/Weekly-Bridging-Header.h";
			};
			name = Release;
		};
		F2F6AE531B6B8ED300162EF7 /* Debug */ = {
			isa = XCBuildConfiguration;
			buildSettings = {
				BUNDLE_LOADER = "$(TEST_HOST)";
				INFOPLIST_FILE = WeeklyTests/Info.plist;
				LD_RUNPATH_SEARCH_PATHS = "$(inherited) @executable_path/Frameworks @loader_path/Frameworks";
				PRODUCT_BUNDLE_IDENTIFIER = com.weekly.WeeklyTests;
				PRODUCT_NAME = "$(TARGET_NAME)";
				TEST_HOST = "$(BUILT_PRODUCTS_DIR)/Weekly.app/Weekly";
			};
			name = Debug;
		};
		F2F6AE541B6B8ED300162EF7 /* Release */ = {
			isa = XCBuildConfiguration;
			buildSettings = {
				BUNDLE_LOADER = "$(TEST_HOST)";
				INFOPLIST_FILE = WeeklyTests/Info.plist;
				LD_RUNPATH_SEARCH_PATHS = "$(inherited) @executable_path/Frameworks @loader_path/Frameworks";
				PRODUCT_BUNDLE_IDENTIFIER = com.weekly.WeeklyTests;
				PRODUCT_NAME = "$(TARGET_NAME)";
				TEST_HOST = "$(BUILT_PRODUCTS_DIR)/Weekly.app/Weekly";
			};
			name = Release;
		};
		F2F6AE561B6B8ED300162EF7 /* Debug */ = {
			isa = XCBuildConfiguration;
			buildSettings = {
				INFOPLIST_FILE = WeeklyUITests/Info.plist;
				LD_RUNPATH_SEARCH_PATHS = "$(inherited) @executable_path/Frameworks @loader_path/Frameworks";
				PRODUCT_BUNDLE_IDENTIFIER = com.weekly.WeeklyUITests;
				PRODUCT_NAME = "$(TARGET_NAME)";
				TEST_TARGET_NAME = Weekly;
				USES_XCTRUNNER = YES;
			};
			name = Debug;
		};
		F2F6AE571B6B8ED300162EF7 /* Release */ = {
			isa = XCBuildConfiguration;
			buildSettings = {
				INFOPLIST_FILE = WeeklyUITests/Info.plist;
				LD_RUNPATH_SEARCH_PATHS = "$(inherited) @executable_path/Frameworks @loader_path/Frameworks";
				PRODUCT_BUNDLE_IDENTIFIER = com.weekly.WeeklyUITests;
				PRODUCT_NAME = "$(TARGET_NAME)";
				TEST_TARGET_NAME = Weekly;
				USES_XCTRUNNER = YES;
			};
			name = Release;
		};
/* End XCBuildConfiguration section */

/* Begin XCConfigurationList section */
		F2F6AE1D1B6B8ED300162EF7 /* Build configuration list for PBXProject "Weekly" */ = {
			isa = XCConfigurationList;
			buildConfigurations = (
				F2F6AE4D1B6B8ED300162EF7 /* Debug */,
				F2F6AE4E1B6B8ED300162EF7 /* Release */,
			);
			defaultConfigurationIsVisible = 0;
			defaultConfigurationName = Release;
		};
		F2F6AE4F1B6B8ED300162EF7 /* Build configuration list for PBXNativeTarget "Weekly" */ = {
			isa = XCConfigurationList;
			buildConfigurations = (
				F2F6AE501B6B8ED300162EF7 /* Debug */,
				F2F6AE511B6B8ED300162EF7 /* Release */,
			);
			defaultConfigurationIsVisible = 0;
			defaultConfigurationName = Release;
		};
		F2F6AE521B6B8ED300162EF7 /* Build configuration list for PBXNativeTarget "WeeklyTests" */ = {
			isa = XCConfigurationList;
			buildConfigurations = (
				F2F6AE531B6B8ED300162EF7 /* Debug */,
				F2F6AE541B6B8ED300162EF7 /* Release */,
			);
			defaultConfigurationIsVisible = 0;
			defaultConfigurationName = Release;
		};
		F2F6AE551B6B8ED300162EF7 /* Build configuration list for PBXNativeTarget "WeeklyUITests" */ = {
			isa = XCConfigurationList;
			buildConfigurations = (
				F2F6AE561B6B8ED300162EF7 /* Debug */,
				F2F6AE571B6B8ED300162EF7 /* Release */,
			);
			defaultConfigurationIsVisible = 0;
			defaultConfigurationName = Release;
		};
/* End XCConfigurationList section */

/* Begin XCVersionGroup section */
		F2F6AE271B6B8ED300162EF7 /* Weekly.xcdatamodeld */ = {
			isa = XCVersionGroup;
			children = (
				F2F6AE281B6B8ED300162EF7 /* Weekly.xcdatamodel */,
			);
			currentVersion = F2F6AE281B6B8ED300162EF7 /* Weekly.xcdatamodel */;
			path = Weekly.xcdatamodeld;
			sourceTree = "<group>";
			versionGroupType = wrapper.xcdatamodel;
		};
/* End XCVersionGroup section */
	};
	rootObject = F2F6AE1A1B6B8ED300162EF7 /* Project object */;
}
